{
  "name": "ZipTool",
  "version": "0.0.1",
  "lockfileVersion": 1,
  "requires": true,
  "dependencies": {
    "text-encoding": {
      "version": "0.6.4",
      "resolved": "https://registry.npmjs.org/text-encoding/-/text-encoding-0.6.4.tgz",
      "integrity": "sha1-45mpgiV6J22uQou5KEXLcb3CbRk="
    },
    "zlibjs": {
      "version": "0.3.1",
      "resolved": "https://registry.npmjs.org/zlibjs/-/zlibjs-0.3.1.tgz",
      "integrity": "sha1-UBl+2yihxCymWcyLTmqd3W1ERVQ="
    }
  }
}
